
Microsoft Visual Studio Solution File, Format Version 12.00
# Visual Studio Version 16
VisualStudioVersion = 16.0.31410.357
MinimumVisualStudioVersion = 10.0.40219.1
Project("{FAE04EC0-301F-11D3-BF4B-00C04F79EFBC}") = "RecipleaseApp.UWP", "RecipleaseApp\RecipleaseApp.UWP\RecipleaseApp.UWP.csproj", "{7DB29596-AF50-4139-B5E3-8E53A69BE041}"
EndProject
Project("{FAE04EC0-301F-11D3-BF4B-00C04F79EFBC}") = "RecipleaseApp.Android", "RecipleaseApp\RecipleaseApp.Android\RecipleaseApp.Android.csproj", "{19D89437-FAA0-427C-AD90-F4279F52FC20}"
EndProject
Project("{FAE04EC0-301F-11D3-BF4B-00C04F79EFBC}") = "RecipleaseApp.iOS", "RecipleaseApp\RecipleaseApp.iOS\RecipleaseApp.iOS.csproj", "{F9BC9C52-14F6-4B92-9830-33097DA76908}"
EndProject
Project("{FAE04EC0-301F-11D3-BF4B-00C04F79EFBC}") = "RecipleaseApp", "RecipleaseApp\RecipleaseApp\RecipleaseApp.csproj", "{536A3BDC-67F5-4AEA-BF31-5E7EDF5002B4}"
EndProject
Global
	GlobalSection(SolutionConfigurationPlatforms) = preSolution
		Debug|Any CPU = Debug|Any CPU
		Debug|ARM = Debug|ARM
		Debug|iPhone = Debug|iPhone
		Debug|iPhoneSimulator = Debug|iPhoneSimulator
		Debug|x64 = Debug|x64
		Debug|x86 = Debug|x86
		Release|Any CPU = Release|Any CPU
		Release|ARM = Release|ARM
		Release|iPhone = Release|iPhone
		Release|iPhoneSimulator = Release|iPhoneSimulator
		Release|x64 = Release|x64
		Release|x86 = Release|x86
	EndGlobalSection
	GlobalSection(ProjectConfigurationPlatforms) = postSolution
		{7DB29596-AF50-4139-B5E3-8E53A69BE041}.Debug|Any CPU.ActiveCfg = Debug|x86
		{7DB29596-AF50-4139-B5E3-8E53A69BE041}.Debug|Any CPU.Build.0 = Debug|x86
		{7DB29596-AF50-4139-B5E3-8E53A69BE041}.Debug|Any CPU.Deploy.0 = Debug|x86
		{7DB29596-AF50-4139-B5E3-8E53A69BE041}.Debug|ARM.ActiveCfg = Debug|ARM
		{7DB29596-AF50-4139-B5E3-8E53A69BE041}.Debug|ARM.Build.0 = Debug|ARM
		{7DB29596-AF50-4139-B5E3-8E53A69BE041}.Debug|ARM.Deploy.0 = Debug|ARM
		{7DB29596-AF50-4139-B5E3-8E53A69BE041}.Debug|iPhone.ActiveCfg = Debug|x86
		{7DB29596-AF50-4139-B5E3-8E53A69BE041}.Debug|iPhone.Build.0 = Debug|x86
		{7DB29596-AF50-4139-B5E3-8E53A69BE041}.Debug|iPhone.Deploy.0 = Debug|x86
		{7DB29596-AF50-4139-B5E3-8E53A69BE041}.Debug|iPhoneSimulator.ActiveCfg = Debug|x86
		{7DB29596-AF50-4139-B5E3-8E53A69BE041}.Debug|iPhoneSimulator.Build.0 = Debug|x86
		{7DB29596-AF50-4139-B5E3-8E53A69BE041}.Debug|iPhoneSimulator.Deploy.0 = Debug|x86
		{7DB29596-AF50-4139-B5E3-8E53A69BE041}.Debug|x64.ActiveCfg = Debug|x64
		{7DB29596-AF50-4139-B5E3-8E53A69BE041}.Debug|x64.Build.0 = Debug|x64
		{7DB29596-AF50-4139-B5E3-8E53A69BE041}.Debug|x64.Deploy.0 = Debug|x64
		{7DB29596-AF50-4139-B5E3-8E53A69BE041}.Debug|x86.ActiveCfg = Debug|x86
		{7DB29596-AF50-4139-B5E3-8E53A69BE041}.Debug|x86.Build.0 = Debug|x86
		{7DB29596-AF50-4139-B5E3-8E53A69BE041}.Debug|x86.Deploy.0 = Debug|x86
		{7DB29596-AF50-4139-B5E3-8E53A69BE041}.Release|Any CPU.ActiveCfg = Release|x86
		{7DB29596-AF50-4139-B5E3-8E53A69BE041}.Release|Any CPU.Build.0 = Release|x86
		{7DB29596-AF50-4139-B5E3-8E53A69BE041}.Release|Any CPU.Deploy.0 = Release|x86
		{7DB29596-AF50-4139-B5E3-8E53A69BE041}.Release|ARM.ActiveCfg = Release|ARM
		{7DB29596-AF50-4139-B5E3-8E53A69BE041}.Release|ARM.Build.0 = Release|ARM
		{7DB29596-AF50-4139-B5E3-8E53A69BE041}.Release|ARM.Deploy.0 = Release|ARM
		{7DB29596-AF50-4139-B5E3-8E53A69BE041}.Release|iPhone.ActiveCfg = Release|x86
		{7DB29596-AF50-4139-B5E3-8E53A69BE041}.Release|iPhone.Build.0 = Release|x86
		{7DB29596-AF50-4139-B5E3-8E53A69BE041}.Release|iPhone.Deploy.0 = Release|x86
		{7DB29596-AF50-4139-B5E3-8E53A69BE041}.Release|iPhoneSimulator.ActiveCfg = Release|x86
		{7DB29596-AF50-4139-B5E3-8E53A69BE041}.Release|iPhoneSimulator.Build.0 = Release|x86
		{7DB29596-AF50-4139-B5E3-8E53A69BE041}.Release|iPhoneSimulator.Deploy.0 = Release|x86
		{7DB29596-AF50-4139-B5E3-8E53A69BE041}.Release|x64.ActiveCfg = Release|x64
		{7DB29596-AF50-4139-B5E3-8E53A69BE041}.Release|x64.Build.0 = Release|x64
		{7DB29596-AF50-4139-B5E3-8E53A69BE041}.Release|x64.Deploy.0 = Release|x64
		{7DB29596-AF50-4139-B5E3-8E53A69BE041}.Release|x86.ActiveCfg = Release|x86
		{7DB29596-AF50-4139-B5E3-8E53A69BE041}.Release|x86.Build.0 = Release|x86
		{7DB29596-AF50-4139-B5E3-8E53A69BE041}.Release|x86.Deploy.0 = Release|x86
		{19D89437-FAA0-427C-AD90-F4279F52FC20}.Debug|Any CPU.ActiveCfg = Debug|Any CPU
		{19D89437-FAA0-427C-AD90-F4279F52FC20}.Debug|Any CPU.Build.0 = Debug|Any CPU
		{19D89437-FAA0-427C-AD90-F4279F52FC20}.Debug|Any CPU.Deploy.0 = Debug|Any CPU
		{19D89437-FAA0-427C-AD90-F4279F52FC20}.Debug|ARM.ActiveCfg = Debug|Any CPU
		{19D89437-FAA0-427C-AD90-F4279F52FC20}.Debug|ARM.Build.0 = Debug|Any CPU
		{19D89437-FAA0-427C-AD90-F4279F52FC20}.Debug|ARM.Deploy.0 = Debug|Any CPU
		{19D89437-FAA0-427C-AD90-F4279F52FC20}.Debug|iPhone.ActiveCfg = Debug|Any CPU
		{19D89437-FAA0-427C-AD90-F4279F52FC20}.Debug|iPhone.Build.0 = Debug|Any CPU
		{19D89437-FAA0-427C-AD90-F4279F52FC20}.Debug|iPhone.Deploy.0 = Debug|Any CPU
		{19D89437-FAA0-427C-AD90-F4279F52FC20}.Debug|iPhoneSimulator.ActiveCfg = Debug|Any CPU
		{19D89437-FAA0-427C-AD90-F4279F52FC20}.Debug|iPhoneSimulator.Build.0 = Debug|Any CPU
		{19D89437-FAA0-427C-AD90-F4279F52FC20}.Debug|iPhoneSimulator.Deploy.0 = Debug|Any CPU
		{19D89437-FAA0-427C-AD90-F4279F52FC20}.Debug|x64.ActiveCfg = Debug|Any CPU
		{19D89437-FAA0-427C-AD90-F4279F52FC20}.Debug|x64.Build.0 = Debug|Any CPU
		{19D89437-FAA0-427C-AD90-F4279F52FC20}.Debug|x64.Deploy.0 = Debug|Any CPU
		{19D89437-FAA0-427C-AD90-F4279F52FC20}.Debug|x86.ActiveCfg = Debug|Any CPU
		{19D89437-FAA0-427C-AD90-F4279F52FC20}.Debug|x86.Build.0 = Debug|Any CPU
		{19D89437-FAA0-427C-AD90-F4279F52FC20}.Debug|x86.Deploy.0 = Debug|Any CPU
		{19D89437-FAA0-427C-AD90-F4279F52FC20}.Release|Any CPU.ActiveCfg = Release|Any CPU
		{19D89437-FAA0-427C-AD90-F4279F52FC20}.Release|Any CPU.Build.0 = Release|Any CPU
		{19D89437-FAA0-427C-AD90-F4279F52FC20}.Release|Any CPU.Deploy.0 = Release|Any CPU
		{19D89437-FAA0-427C-AD90-F4279F52FC20}.Release|ARM.ActiveCfg = Release|Any CPU
		{19D89437-FAA0-427C-AD90-F4279F52FC20}.Release|ARM.Build.0 = Release|Any CPU
		{19D89437-FAA0-427C-AD90-F4279F52FC20}.Release|ARM.Deploy.0 = Release|Any CPU
		{19D89437-FAA0-427C-AD90-F4279F52FC20}.Release|iPhone.ActiveCfg = Release|Any CPU
		{19D89437-FAA0-427C-AD90-F4279F52FC20}.Release|iPhone.Build.0 = Release|Any CPU
		{19D89437-FAA0-427C-AD90-F4279F52FC20}.Release|iPhone.Deploy.0 = Release|Any CPU
		{19D89437-FAA0-427C-AD90-F4279F52FC20}.Release|iPhoneSimulator.ActiveCfg = Release|Any CPU
		{19D89437-FAA0-427C-AD90-F4279F52FC20}.Release|iPhoneSimulator.Build.0 = Release|Any CPU
		{19D89437-FAA0-427C-AD90-F4279F52FC20}.Release|iPhoneSimulator.Deploy.0 = Release|Any CPU
		{19D89437-FAA0-427C-AD90-F4279F52FC20}.Release|x64.ActiveCfg = Release|Any CPU
		{19D89437-FAA0-427C-AD90-F4279F52FC20}.Release|x64.Build.0 = Release|Any CPU
		{19D89437-FAA0-427C-AD90-F4279F52FC20}.Release|x64.Deploy.0 = Release|Any CPU
		{19D89437-FAA0-427C-AD90-F4279F52FC20}.Release|x86.ActiveCfg = Release|Any CPU
		{19D89437-FAA0-427C-AD90-F4279F52FC20}.Release|x86.Build.0 = Release|Any CPU
		{19D89437-FAA0-427C-AD90-F4279F52FC20}.Release|x86.Deploy.0 = Release|Any CPU
		{F9BC9C52-14F6-4B92-9830-33097DA76908}.Debug|Any CPU.ActiveCfg = Debug|iPhoneSimulator
		{F9BC9C52-14F6-4B92-9830-33097DA76908}.Debug|Any CPU.Build.0 = Debug|iPhoneSimulator
		{F9BC9C52-14F6-4B92-9830-33097DA76908}.Debug|Any CPU.Deploy.0 = Debug|iPhoneSimulator
		{F9BC9C52-14F6-4B92-9830-33097DA76908}.Debug|ARM.ActiveCfg = Debug|iPhone
		{F9BC9C52-14F6-4B92-9830-33097DA76908}.Debug|ARM.Build.0 = Debug|iPhone
		{F9BC9C52-14F6-4B92-9830-33097DA76908}.Debug|ARM.Deploy.0 = Debug|iPhone
		{F9BC9C52-14F6-4B92-9830-33097DA76908}.Debug|iPhone.ActiveCfg = Debug|iPhone
		{F9BC9C52-14F6-4B92-9830-33097DA76908}.Debug|iPhone.Build.0 = Debug|iPhone
		{F9BC9C52-14F6-4B92-9830-33097DA76908}.Debug|iPhone.Deploy.0 = Debug|iPhone
		{F9BC9C52-14F6-4B92-9830-33097DA76908}.Debug|iPhoneSimulator.ActiveCfg = Debug|iPhoneSimulator
		{F9BC9C52-14F6-4B92-9830-33097DA76908}.Debug|iPhoneSimulator.Build.0 = Debug|iPhoneSimulator
		{F9BC9C52-14F6-4B92-9830-33097DA76908}.Debug|iPhoneSimulator.Deploy.0 = Debug|iPhoneSimulator
		{F9BC9C52-14F6-4B92-9830-33097DA76908}.Debug|x64.ActiveCfg = Debug|iPhoneSimulator
		{F9BC9C52-14F6-4B92-9830-33097DA76908}.Debug|x64.Build.0 = Debug|iPhoneSimulator
		{F9BC9C52-14F6-4B92-9830-33097DA76908}.Debug|x64.Deploy.0 = Debug|iPhoneSimulator
		{F9BC9C52-14F6-4B92-9830-33097DA76908}.Debug|x86.ActiveCfg = Debug|iPhoneSimulator
		{F9BC9C52-14F6-4B92-9830-33097DA76908}.Debug|x86.Build.0 = Debug|iPhoneSimulator
		{F9BC9C52-14F6-4B92-9830-33097DA76908}.Debug|x86.Deploy.0 = Debug|iPhoneSimulator
		{F9BC9C52-14F6-4B92-9830-33097DA76908}.Release|Any CPU.ActiveCfg = Release|iPhoneSimulator
		{F9BC9C52-14F6-4B92-9830-33097DA76908}.Release|Any CPU.Build.0 = Release|iPhoneSimulator
		{F9BC9C52-14F6-4B92-9830-33097DA76908}.Release|Any CPU.Deploy.0 = Release|iPhoneSimulator
		{F9BC9C52-14F6-4B92-9830-33097DA76908}.Release|ARM.ActiveCfg = Release|iPhoneSimulator
		{F9BC9C52-14F6-4B92-9830-33097DA76908}.Release|ARM.Build.0 = Release|iPhoneSimulator
		{F9BC9C52-14F6-4B92-9830-33097DA76908}.Release|ARM.Deploy.0 = Release|iPhoneSimulator
		{F9BC9C52-14F6-4B92-9830-33097DA76908}.Release|iPhone.ActiveCfg = Release|iPhone
		{F9BC9C52-14F6-4B92-9830-33097DA76908}.Release|iPhone.Build.0 = Release|iPhone
		{F9BC9C52-14F6-4B92-9830-33097DA76908}.Release|iPhone.Deploy.0 = Release|iPhone
		{F9BC9C52-14F6-4B92-9830-33097DA76908}.Release|iPhoneSimulator.ActiveCfg = Release|iPhoneSimulator
		{F9BC9C52-14F6-4B92-9830-33097DA76908}.Release|iPhoneSimulator.Build.0 = Release|iPhoneSimulator
		{F9BC9C52-14F6-4B92-9830-33097DA76908}.Release|iPhoneSimulator.Deploy.0 = Release|iPhoneSimulator
		{F9BC9C52-14F6-4B92-9830-33097DA76908}.Release|x64.ActiveCfg = Release|iPhoneSimulator
		{F9BC9C52-14F6-4B92-9830-33097DA76908}.Release|x64.Build.0 = Release|iPhoneSimulator
		{F9BC9C52-14F6-4B92-9830-33097DA76908}.Release|x64.Deploy.0 = Release|iPhoneSimulator
		{F9BC9C52-14F6-4B92-9830-33097DA76908}.Release|x86.ActiveCfg = Release|iPhoneSimulator
		{F9BC9C52-14F6-4B92-9830-33097DA76908}.Release|x86.Build.0 = Release|iPhoneSimulator
		{F9BC9C52-14F6-4B92-9830-33097DA76908}.Release|x86.Deploy.0 = Release|iPhoneSimulator
		{536A3BDC-67F5-4AEA-BF31-5E7EDF5002B4}.Debug|Any CPU.ActiveCfg = Debug|Any CPU
		{536A3BDC-67F5-4AEA-BF31-5E7EDF5002B4}.Debug|Any CPU.Build.0 = Debug|Any CPU
		{536A3BDC-67F5-4AEA-BF31-5E7EDF5002B4}.Debug|Any CPU.Deploy.0 = Debug|Any CPU
		{536A3BDC-67F5-4AEA-BF31-5E7EDF5002B4}.Debug|ARM.ActiveCfg = Debug|Any CPU
		{536A3BDC-67F5-4AEA-BF31-5E7EDF5002B4}.Debug|ARM.Build.0 = Debug|Any CPU
		{536A3BDC-67F5-4AEA-BF31-5E7EDF5002B4}.Debug|ARM.Deploy.0 = Debug|Any CPU
		{536A3BDC-67F5-4AEA-BF31-5E7EDF5002B4}.Debug|iPhone.ActiveCfg = Debug|Any CPU
		{536A3BDC-67F5-4AEA-BF31-5E7EDF5002B4}.Debug|iPhone.Build.0 = Debug|Any CPU
		{536A3BDC-67F5-4AEA-BF31-5E7EDF5002B4}.Debug|iPhone.Deploy.0 = Debug|Any CPU
		{536A3BDC-67F5-4AEA-BF31-5E7EDF5002B4}.Debug|iPhoneSimulator.ActiveCfg = Debug|Any CPU
		{536A3BDC-67F5-4AEA-BF31-5E7EDF5002B4}.Debug|iPhoneSimulator.Build.0 = Debug|Any CPU
		{536A3BDC-67F5-4AEA-BF31-5E7EDF5002B4}.Debug|iPhoneSimulator.Deploy.0 = Debug|Any CPU
		{536A3BDC-67F5-4AEA-BF31-5E7EDF5002B4}.Debug|x64.ActiveCfg = Debug|Any CPU
		{536A3BDC-67F5-4AEA-BF31-5E7EDF5002B4}.Debug|x64.Build.0 = Debug|Any CPU
		{536A3BDC-67F5-4AEA-BF31-5E7EDF5002B4}.Debug|x64.Deploy.0 = Debug|Any CPU
		{536A3BDC-67F5-4AEA-BF31-5E7EDF5002B4}.Debug|x86.ActiveCfg = Debug|Any CPU
		{536A3BDC-67F5-4AEA-BF31-5E7EDF5002B4}.Debug|x86.Build.0 = Debug|Any CPU
		{536A3BDC-67F5-4AEA-BF31-5E7EDF5002B4}.Debug|x86.Deploy.0 = Debug|Any CPU
		{536A3BDC-67F5-4AEA-BF31-5E7EDF5002B4}.Release|Any CPU.ActiveCfg = Release|Any CPU
		{536A3BDC-67F5-4AEA-BF31-5E7EDF5002B4}.Release|Any CPU.Build.0 = Release|Any CPU
		{536A3BDC-67F5-4AEA-BF31-5E7EDF5002B4}.Release|Any CPU.Deploy.0 = Release|Any CPU
		{536A3BDC-67F5-4AEA-BF31-5E7EDF5002B4}.Release|ARM.ActiveCfg = Release|Any CPU
		{536A3BDC-67F5-4AEA-BF31-5E7EDF5002B4}.Release|ARM.Build.0 = Release|Any CPU
		{536A3BDC-67F5-4AEA-BF31-5E7EDF5002B4}.Release|ARM.Deploy.0 = Release|Any CPU
		{536A3BDC-67F5-4AEA-BF31-5E7EDF5002B4}.Release|iPhone.ActiveCfg = Release|Any CPU
		{536A3BDC-67F5-4AEA-BF31-5E7EDF5002B4}.Release|iPhone.Build.0 = Release|Any CPU
		{536A3BDC-67F5-4AEA-BF31-5E7EDF5002B4}.Release|iPhone.Deploy.0 = Release|Any CPU
		{536A3BDC-67F5-4AEA-BF31-5E7EDF5002B4}.Release|iPhoneSimulator.ActiveCfg = Release|Any CPU
		{536A3BDC-67F5-4AEA-BF31-5E7EDF5002B4}.Release|iPhoneSimulator.Build.0 = Release|Any CPU
		{536A3BDC-67F5-4AEA-BF31-5E7EDF5002B4}.Release|iPhoneSimulator.Deploy.0 = Release|Any CPU
		{536A3BDC-67F5-4AEA-BF31-5E7EDF5002B4}.Release|x64.ActiveCfg = Release|Any CPU
		{536A3BDC-67F5-4AEA-BF31-5E7EDF5002B4}.Release|x64.Build.0 = Release|Any CPU
		{536A3BDC-67F5-4AEA-BF31-5E7EDF5002B4}.Release|x64.Deploy.0 = Release|Any CPU
		{536A3BDC-67F5-4AEA-BF31-5E7EDF5002B4}.Release|x86.ActiveCfg = Release|Any CPU
		{536A3BDC-67F5-4AEA-BF31-5E7EDF5002B4}.Release|x86.Build.0 = Release|Any CPU
		{536A3BDC-67F5-4AEA-BF31-5E7EDF5002B4}.Release|x86.Deploy.0 = Release|Any CPU
	EndGlobalSection
	GlobalSection(SolutionProperties) = preSolution
		HideSolutionNode = FALSE
	EndGlobalSection
	GlobalSection(ExtensibilityGlobals) = postSolution
		SolutionGuid = {D9D3440D-55D7-49D6-BACD-7DAD9CB06589}
	EndGlobalSection
EndGlobal
